
Microsoft Visual Studio Solution File, Format Version 12.00
# Visual Studio Version 16
VisualStudioVersion = 16.0.32106.194
MinimumVisualStudioVersion = 10.0.40219.1
Project("{9A19103F-16F7-4668-BE54-9A1E7A4F7556}") = "DisasterAlleviationFoundation", "DisasterAlleviationFoundation.csproj", "{AFB3ED7F-7A39-4B15-BCDB-C258188CE34D}"
EndProject
Project("{FAE04EC0-301F-11D3-BF4B-00C04F79EFBC}") = "FundationUnitTest", "..\FundationUnitTest\FundationUnitTest.csproj", "{24C4C403-918C-4963-88AC-FF80428D6722}"
EndProject
Global
	GlobalSection(SolutionConfigurationPlatforms) = preSolution
		Debug|Any CPU = Debug|Any CPU
		Release|Any CPU = Release|Any CPU
	EndGlobalSection
	GlobalSection(ProjectConfigurationPlatforms) = postSolution
		{AFB3ED7F-7A39-4B15-BCDB-C258188CE34D}.Debug|Any CPU.ActiveCfg = Debug|Any CPU
		{AFB3ED7F-7A39-4B15-BCDB-C258188CE34D}.Debug|Any CPU.Build.0 = Debug|Any CPU
		{AFB3ED7F-7A39-4B15-BCDB-C258188CE34D}.Release|Any CPU.ActiveCfg = Release|Any CPU
		{AFB3ED7F-7A39-4B15-BCDB-C258188CE34D}.Release|Any CPU.Build.0 = Release|Any CPU
		{24C4C403-918C-4963-88AC-FF80428D6722}.Debug|Any CPU.ActiveCfg = Debug|Any CPU
		{24C4C403-918C-4963-88AC-FF80428D6722}.Debug|Any CPU.Build.0 = Debug|Any CPU
		{24C4C403-918C-4963-88AC-FF80428D6722}.Release|Any CPU.ActiveCfg = Release|Any CPU
		{24C4C403-918C-4963-88AC-FF80428D6722}.Release|Any CPU.Build.0 = Release|Any CPU
	EndGlobalSection
	GlobalSection(SolutionProperties) = preSolution
		HideSolutionNode = FALSE
	EndGlobalSection
	GlobalSection(ExtensibilityGlobals) = postSolution
		SolutionGuid = {1F08FD29-C86B-424C-83C7-315341B08562}
	EndGlobalSection
EndGlobal
